
Microsoft Visual Studio Solution File, Format Version 11.00
# Visual Studio 2010
# SharpDevelop 4.4
Project("{FAE04EC0-301F-11D3-BF4B-00C04F79EFBC}") = "Practica3", "Practica3.csproj", "{7F443403-7648-4F23-A18D-097948172C47}"
EndProject
Global
	GlobalSection(SolutionConfigurationPlatforms) = preSolution
		Debug|Any CPU = Debug|Any CPU
		Release|Any CPU = Release|Any CPU
	EndGlobalSection
	GlobalSection(ProjectConfigurationPlatforms) = postSolution
		{7F443403-7648-4F23-A18D-097948172C47}.Debug|Any CPU.Build.0 = Debug|Any CPU
		{7F443403-7648-4F23-A18D-097948172C47}.Debug|Any CPU.ActiveCfg = Debug|Any CPU
		{7F443403-7648-4F23-A18D-097948172C47}.Release|Any CPU.Build.0 = Release|Any CPU
		{7F443403-7648-4F23-A18D-097948172C47}.Release|Any CPU.ActiveCfg = Release|Any CPU
	EndGlobalSection
EndGlobal
